{
  "pins" : [
    {
      "identity" : "fluidaudio",
      "kind" : "remoteSourceControl",
      "location" : "https://github.com/FluidInference/FluidAudio.git",
      "state" : {
        "revision" : "d9eef864d29783fc22754b12090631da5388c3a9",
        "version" : "0.13.4"
      }
    }
  ],
  "version" : 2
}
